
Microsoft Visual Studio Solution File, Format Version 11.00
# Visual Studio 2010
Project("{FAE04EC0-301F-11D3-BF4B-00C04F79EFBC}") = "UnityEngine.TestRunner", "UnityEngine.TestRunner.csproj", "{37dd3fde-9876-7068-ddf6-2a0f6d0f5e8c}"
EndProject
Project("{FAE04EC0-301F-11D3-BF4B-00C04F79EFBC}") = "Unity.Timeline", "Unity.Timeline.csproj", "{e609e925-8d9e-949d-30c8-2fc62629a534}"
EndProject
Project("{FAE04EC0-301F-11D3-BF4B-00C04F79EFBC}") = "Unity.TextMeshPro", "Unity.TextMeshPro.csproj", "{93139e8a-bc25-47cd-10f1-f9895d889665}"
EndProject
Project("{FAE04EC0-301F-11D3-BF4B-00C04F79EFBC}") = "UnityEditor.TestRunner", "UnityEditor.TestRunner.csproj", "{df931249-c325-ad78-a64f-e1c3e194a4e8}"
EndProject
Project("{FAE04EC0-301F-11D3-BF4B-00C04F79EFBC}") = "Unity.PlasticSCM.Editor", "Unity.PlasticSCM.Editor.csproj", "{87c79b34-0b38-6208-e710-7b5b88f5afe9}"
EndProject
Project("{FAE04EC0-301F-11D3-BF4B-00C04F79EFBC}") = "Unity.Services.Core.Editor", "Unity.Services.Core.Editor.csproj", "{ecb9cb3e-e966-d657-559d-1481a52ce786}"
EndProject
Project("{FAE04EC0-301F-11D3-BF4B-00C04F79EFBC}") = "Unity.Timeline.Editor", "Unity.Timeline.Editor.csproj", "{6ab738a2-1696-54c6-1a3a-1621d1b382bb}"
EndProject
Project("{FAE04EC0-301F-11D3-BF4B-00C04F79EFBC}") = "Unity.VisualStudio.Editor", "Unity.VisualStudio.Editor.csproj", "{c647f3b5-5908-d98a-d2ed-2fab7e6faaa2}"
EndProject
Project("{FAE04EC0-301F-11D3-BF4B-00C04F79EFBC}") = "Unity.TextMeshPro.Editor", "Unity.TextMeshPro.Editor.csproj", "{c702f357-ce2c-921c-f813-e064a3dedc86}"
EndProject
Project("{FAE04EC0-301F-11D3-BF4B-00C04F79EFBC}") = "Unity.CollabProxy.Editor", "Unity.CollabProxy.Editor.csproj", "{80d2a7d3-ecc1-ea6f-f7e2-b340091fbd0a}"
EndProject
Project("{FAE04EC0-301F-11D3-BF4B-00C04F79EFBC}") = "Unity.Rider.Editor", "Unity.Rider.Editor.csproj", "{86a636f0-fb17-f172-9a03-fbb139e1b484}"
EndProject
Project("{FAE04EC0-301F-11D3-BF4B-00C04F79EFBC}") = "Unity.VSCode.Editor", "Unity.VSCode.Editor.csproj", "{f14d682c-422a-6415-ab39-8aec16098162}"
EndProject
Global
	GlobalSection(SolutionConfigurationPlatforms) = preSolution
		Debug|Any CPU = Debug|Any CPU
		Release|Any CPU = Release|Any CPU
	EndGlobalSection
	GlobalSection(ProjectConfigurationPlatforms) = postSolution
		{37dd3fde-9876-7068-ddf6-2a0f6d0f5e8c}.Debug|Any CPU.ActiveCfg = Debug|Any CPU
		{37dd3fde-9876-7068-ddf6-2a0f6d0f5e8c}.Debug|Any CPU.Build.0 = Debug|Any CPU
		{37dd3fde-9876-7068-ddf6-2a0f6d0f5e8c}.Release|Any CPU.ActiveCfg = Release|Any CPU
		{37dd3fde-9876-7068-ddf6-2a0f6d0f5e8c}.Release|Any CPU.Build.0 = Release|Any CPU
		{e609e925-8d9e-949d-30c8-2fc62629a534}.Debug|Any CPU.ActiveCfg = Debug|Any CPU
		{e609e925-8d9e-949d-30c8-2fc62629a534}.Debug|Any CPU.Build.0 = Debug|Any CPU
		{e609e925-8d9e-949d-30c8-2fc62629a534}.Release|Any CPU.ActiveCfg = Release|Any CPU
		{e609e925-8d9e-949d-30c8-2fc62629a534}.Release|Any CPU.Build.0 = Release|Any CPU
		{93139e8a-bc25-47cd-10f1-f9895d889665}.Debug|Any CPU.ActiveCfg = Debug|Any CPU
		{93139e8a-bc25-47cd-10f1-f9895d889665}.Debug|Any CPU.Build.0 = Debug|Any CPU
		{93139e8a-bc25-47cd-10f1-f9895d889665}.Release|Any CPU.ActiveCfg = Release|Any CPU
		{93139e8a-bc25-47cd-10f1-f9895d889665}.Release|Any CPU.Build.0 = Release|Any CPU
		{df931249-c325-ad78-a64f-e1c3e194a4e8}.Debug|Any CPU.ActiveCfg = Debug|Any CPU
		{df931249-c325-ad78-a64f-e1c3e194a4e8}.Debug|Any CPU.Build.0 = Debug|Any CPU
		{df931249-c325-ad78-a64f-e1c3e194a4e8}.Release|Any CPU.ActiveCfg = Release|Any CPU
		{df931249-c325-ad78-a64f-e1c3e194a4e8}.Release|Any CPU.Build.0 = Release|Any CPU
		{87c79b34-0b38-6208-e710-7b5b88f5afe9}.Debug|Any CPU.ActiveCfg = Debug|Any CPU
		{87c79b34-0b38-6208-e710-7b5b88f5afe9}.Debug|Any CPU.Build.0 = Debug|Any CPU
		{87c79b34-0b38-6208-e710-7b5b88f5afe9}.Release|Any CPU.ActiveCfg = Release|Any CPU
		{87c79b34-0b38-6208-e710-7b5b88f5afe9}.Release|Any CPU.Build.0 = Release|Any CPU
		{ecb9cb3e-e966-d657-559d-1481a52ce786}.Debug|Any CPU.ActiveCfg = Debug|Any CPU
		{ecb9cb3e-e966-d657-559d-1481a52ce786}.Debug|Any CPU.Build.0 = Debug|Any CPU
		{ecb9cb3e-e966-d657-559d-1481a52ce786}.Release|Any CPU.ActiveCfg = Release|Any CPU
		{ecb9cb3e-e966-d657-559d-1481a52ce786}.Release|Any CPU.Build.0 = Release|Any CPU
		{6ab738a2-1696-54c6-1a3a-1621d1b382bb}.Debug|Any CPU.ActiveCfg = Debug|Any CPU
		{6ab738a2-1696-54c6-1a3a-1621d1b382bb}.Debug|Any CPU.Build.0 = Debug|Any CPU
		{6ab738a2-1696-54c6-1a3a-1621d1b382bb}.Release|Any CPU.ActiveCfg = Release|Any CPU
		{6ab738a2-1696-54c6-1a3a-1621d1b382bb}.Release|Any CPU.Build.0 = Release|Any CPU
		{c647f3b5-5908-d98a-d2ed-2fab7e6faaa2}.Debug|Any CPU.ActiveCfg = Debug|Any CPU
		{c647f3b5-5908-d98a-d2ed-2fab7e6faaa2}.Debug|Any CPU.Build.0 = Debug|Any CPU
		{c647f3b5-5908-d98a-d2ed-2fab7e6faaa2}.Release|Any CPU.ActiveCfg = Release|Any CPU
		{c647f3b5-5908-d98a-d2ed-2fab7e6faaa2}.Release|Any CPU.Build.0 = Release|Any CPU
		{c702f357-ce2c-921c-f813-e064a3dedc86}.Debug|Any CPU.ActiveCfg = Debug|Any CPU
		{c702f357-ce2c-921c-f813-e064a3dedc86}.Debug|Any CPU.Build.0 = Debug|Any CPU
		{c702f357-ce2c-921c-f813-e064a3dedc86}.Release|Any CPU.ActiveCfg = Release|Any CPU
		{c702f357-ce2c-921c-f813-e064a3dedc86}.Release|Any CPU.Build.0 = Release|Any CPU
		{80d2a7d3-ecc1-ea6f-f7e2-b340091fbd0a}.Debug|Any CPU.ActiveCfg = Debug|Any CPU
		{80d2a7d3-ecc1-ea6f-f7e2-b340091fbd0a}.Debug|Any CPU.Build.0 = Debug|Any CPU
		{80d2a7d3-ecc1-ea6f-f7e2-b340091fbd0a}.Release|Any CPU.ActiveCfg = Release|Any CPU
		{80d2a7d3-ecc1-ea6f-f7e2-b340091fbd0a}.Release|Any CPU.Build.0 = Release|Any CPU
		{86a636f0-fb17-f172-9a03-fbb139e1b484}.Debug|Any CPU.ActiveCfg = Debug|Any CPU
		{86a636f0-fb17-f172-9a03-fbb139e1b484}.Debug|Any CPU.Build.0 = Debug|Any CPU
		{86a636f0-fb17-f172-9a03-fbb139e1b484}.Release|Any CPU.ActiveCfg = Release|Any CPU
		{86a636f0-fb17-f172-9a03-fbb139e1b484}.Release|Any CPU.Build.0 = Release|Any CPU
		{f14d682c-422a-6415-ab39-8aec16098162}.Debug|Any CPU.ActiveCfg = Debug|Any CPU
		{f14d682c-422a-6415-ab39-8aec16098162}.Debug|Any CPU.Build.0 = Debug|Any CPU
		{f14d682c-422a-6415-ab39-8aec16098162}.Release|Any CPU.ActiveCfg = Release|Any CPU
		{f14d682c-422a-6415-ab39-8aec16098162}.Release|Any CPU.Build.0 = Release|Any CPU
	EndGlobalSection
	GlobalSection(SolutionProperties) = preSolution
		HideSolutionNode = FALSE
	EndGlobalSection
EndGlobal
